// !$*UTF8*$!
{
	archiveVersion = 1;
	classes = {
	};
	objectVersion = 50;
	objects = {

/* Begin PBXBuildFile section */
		8C1FA2EF24ED5A1000CF56E9 /* ImageLoader.swift in Sources */ = {isa = PBXBuildFile; fileRef = 8C1FA2EE24ED5A1000CF56E9 /* ImageLoader.swift */; };
		8C1FA2F324ED5CC200CF56E9 /* MovieDetail.swift in Sources */ = {isa = PBXBuildFile; fileRef = 8C1FA2F224ED5CC200CF56E9 /* MovieDetail.swift */; };
		8C65E7D724EC3E140055A759 /* ModelMovie.swift in Sources */ = {isa = PBXBuildFile; fileRef = 8C65E7D624EC3E140055A759 /* ModelMovie.swift */; };
		8C847A0A24F2CE5D00B9A0E9 /* MoviesView.swift in Sources */ = {isa = PBXBuildFile; fileRef = 8C847A0924F2CE5D00B9A0E9 /* MoviesView.swift */; };
		8C847A0C24F2CEB300B9A0E9 /* MovieTopViewModel.swift in Sources */ = {isa = PBXBuildFile; fileRef = 8C847A0B24F2CEB300B9A0E9 /* MovieTopViewModel.swift */; };
		8C8FA0AF24ED4BE60025582E /* NetworkManager.swift in Sources */ = {isa = PBXBuildFile; fileRef = 8C8FA0AE24ED4BE60025582E /* NetworkManager.swift */; };
		8C99A16324EBEEFE00F1DE29 /* AppDelegate.swift in Sources */ = {isa = PBXBuildFile; fileRef = 8C99A16224EBEEFE00F1DE29 /* AppDelegate.swift */; };
		8C99A16524EBEEFE00F1DE29 /* SceneDelegate.swift in Sources */ = {isa = PBXBuildFile; fileRef = 8C99A16424EBEEFE00F1DE29 /* SceneDelegate.swift */; };
		8C99A16824EBEEFE00F1DE29 /* MovieTop.xcdatamodeld in Sources */ = {isa = PBXBuildFile; fileRef = 8C99A16624EBEEFE00F1DE29 /* MovieTop.xcdatamodeld */; };
		8C99A16C24EBEF0300F1DE29 /* Assets.xcassets in Resources */ = {isa = PBXBuildFile; fileRef = 8C99A16B24EBEF0300F1DE29 /* Assets.xcassets */; };
		8C99A16F24EBEF0300F1DE29 /* Preview Assets.xcassets in Resources */ = {isa = PBXBuildFile; fileRef = 8C99A16E24EBEF0300F1DE29 /* Preview Assets.xcassets */; };
		8C99A17224EBEF0300F1DE29 /* LaunchScreen.storyboard in Resources */ = {isa = PBXBuildFile; fileRef = 8C99A17024EBEF0300F1DE29 /* LaunchScreen.storyboard */; };
		8C99A17D24EBEF0300F1DE29 /* MovieTopTests.swift in Sources */ = {isa = PBXBuildFile; fileRef = 8C99A17C24EBEF0300F1DE29 /* MovieTopTests.swift */; };
		8C99A18824EBEF0300F1DE29 /* MovieTopUITests.swift in Sources */ = {isa = PBXBuildFile; fileRef = 8C99A18724EBEF0300F1DE29 /* MovieTopUITests.swift */; };
		8CE946CD24EFB498007BDEEE /* Spinner.swift in Sources */ = {isa = PBXBuildFile; fileRef = 8CE946CC24EFB498007BDEEE /* Spinner.swift */; };
		8CF4459724EEDFB700C624F6 /* MovieRow.swift in Sources */ = {isa = PBXBuildFile; fileRef = 8CF4459624EEDFB700C624F6 /* MovieRow.swift */; };
/* End PBXBuildFile section */

/* Begin PBXContainerItemProxy section */
		8C99A17924EBEF0300F1DE29 /* PBXContainerItemProxy */ = {
			isa = PBXContainerItemProxy;
			containerPortal = 8C99A15724EBEEFE00F1DE29 /* Project object */;
			proxyType = 1;
			remoteGlobalIDString = 8C99A15E24EBEEFE00F1DE29;
			remoteInfo = MovieTop;
		};
		8C99A18424EBEF0300F1DE29 /* PBXContainerItemProxy */ = {
			isa = PBXContainerItemProxy;
			containerPortal = 8C99A15724EBEEFE00F1DE29 /* Project object */;
			proxyType = 1;
			remoteGlobalIDString = 8C99A15E24EBEEFE00F1DE29;
			remoteInfo = MovieTop;
		};
/* End PBXContainerItemProxy section */

/* Begin PBXFileReference section */
		8C1FA2EE24ED5A1000CF56E9 /* ImageLoader.swift */ = {isa = PBXFileReference; lastKnownFileType = sourcecode.swift; path = ImageLoader.swift; sourceTree = "<group>"; };
		8C1FA2F224ED5CC200CF56E9 /* MovieDetail.swift */ = {isa = PBXFileReference; lastKnownFileType = sourcecode.swift; path = MovieDetail.swift; sourceTree = "<group>"; };
		8C65E7D624EC3E140055A759 /* ModelMovie.swift */ = {isa = PBXFileReference; lastKnownFileType = sourcecode.swift; path = ModelMovie.swift; sourceTree = "<group>"; };
		8C847A0924F2CE5D00B9A0E9 /* MoviesView.swift */ = {isa = PBXFileReference; lastKnownFileType = sourcecode.swift; path = MoviesView.swift; sourceTree = "<group>"; };
		8C847A0B24F2CEB300B9A0E9 /* MovieTopViewModel.swift */ = {isa = PBXFileReference; lastKnownFileType = sourcecode.swift; path = MovieTopViewModel.swift; sourceTree = "<group>"; };
		8C8FA0AE24ED4BE60025582E /* NetworkManager.swift */ = {isa = PBXFileReference; lastKnownFileType = sourcecode.swift; path = NetworkManager.swift; sourceTree = "<group>"; };
		8C99A15F24EBEEFE00F1DE29 /* MovieTop.app */ = {isa = PBXFileReference; explicitFileType = wrapper.application; includeInIndex = 0; path = MovieTop.app; sourceTree = BUILT_PRODUCTS_DIR; };
		8C99A16224EBEEFE00F1DE29 /* AppDelegate.swift */ = {isa = PBXFileReference; lastKnownFileType = sourcecode.swift; path = AppDelegate.swift; sourceTree = "<group>"; };
		8C99A16424EBEEFE00F1DE29 /* SceneDelegate.swift */ = {isa = PBXFileReference; lastKnownFileType = sourcecode.swift; path = SceneDelegate.swift; sourceTree = "<group>"; };
		8C99A16724EBEEFE00F1DE29 /* MovieTop.xcdatamodel */ = {isa = PBXFileReference; lastKnownFileType = wrapper.xcdatamodel; path = MovieTop.xcdatamodel; sourceTree = "<group>"; };
		8C99A16B24EBEF0300F1DE29 /* Assets.xcassets */ = {isa = PBXFileReference; lastKnownFileType = folder.assetcatalog; path = Assets.xcassets; sourceTree = "<group>"; };
		8C99A16E24EBEF0300F1DE29 /* Preview Assets.xcassets */ = {isa = PBXFileReference; lastKnownFileType = folder.assetcatalog; path = "Preview Assets.xcassets"; sourceTree = "<group>"; };
		8C99A17124EBEF0300F1DE29 /* Base */ = {isa = PBXFileReference; lastKnownFileType = file.storyboard; name = Base; path = Base.lproj/LaunchScreen.storyboard; sourceTree = "<group>"; };
		8C99A17324EBEF0300F1DE29 /* Info.plist */ = {isa = PBXFileReference; lastKnownFileType = text.plist.xml; path = Info.plist; sourceTree = "<group>"; };
		8C99A17824EBEF0300F1DE29 /* MovieTopTests.xctest */ = {isa = PBXFileReference; explicitFileType = wrapper.cfbundle; includeInIndex = 0; path = MovieTopTests.xctest; sourceTree = BUILT_PRODUCTS_DIR; };
		8C99A17C24EBEF0300F1DE29 /* MovieTopTests.swift */ = {isa = PBXFileReference; lastKnownFileType = sourcecode.swift; path = MovieTopTests.swift; sourceTree = "<group>"; };
		8C99A17E24EBEF0300F1DE29 /* Info.plist */ = {isa = PBXFileReference; lastKnownFileType = text.plist.xml; path = Info.plist; sourceTree = "<group>"; };
		8C99A18324EBEF0300F1DE29 /* MovieTopUITests.xctest */ = {isa = PBXFileReference; explicitFileType = wrapper.cfbundle; includeInIndex = 0; path = MovieTopUITests.xctest; sourceTree = BUILT_PRODUCTS_DIR; };
		8C99A18724EBEF0300F1DE29 /* MovieTopUITests.swift */ = {isa = PBXFileReference; lastKnownFileType = sourcecode.swift; path = MovieTopUITests.swift; sourceTree = "<group>"; };
		8C99A18924EBEF0300F1DE29 /* Info.plist */ = {isa = PBXFileReference; lastKnownFileType = text.plist.xml; path = Info.plist; sourceTree = "<group>"; };
		8CE946CC24EFB498007BDEEE /* Spinner.swift */ = {isa = PBXFileReference; lastKnownFileType = sourcecode.swift; path = Spinner.swift; sourceTree = "<group>"; };
		8CF4459624EEDFB700C624F6 /* MovieRow.swift */ = {isa = PBXFileReference; lastKnownFileType = sourcecode.swift; path = MovieRow.swift; sourceTree = "<group>"; };
/* End PBXFileReference section */

/* Begin PBXFrameworksBuildPhase section */
		8C99A15C24EBEEFE00F1DE29 /* Frameworks */ = {
			isa = PBXFrameworksBuildPhase;
			buildActionMask = 2147483647;
			files = (
			);
			runOnlyForDeploymentPostprocessing = 0;
		};
		8C99A17524EBEF0300F1DE29 /* Frameworks */ = {
			isa = PBXFrameworksBuildPhase;
			buildActionMask = 2147483647;
			files = (
			);
			runOnlyForDeploymentPostprocessing = 0;
		};
		8C99A18024EBEF0300F1DE29 /* Frameworks */ = {
			isa = PBXFrameworksBuildPhase;
			buildActionMask = 2147483647;
			files = (
			);
			runOnlyForDeploymentPostprocessing = 0;
		};
/* End PBXFrameworksBuildPhase section */

/* Begin PBXGroup section */
		8C99A15624EBEEFE00F1DE29 = {
			isa = PBXGroup;
			children = (
				8C99A16124EBEEFE00F1DE29 /* MovieTop */,
				8C99A17B24EBEF0300F1DE29 /* MovieTopTests */,
				8C99A18624EBEF0300F1DE29 /* MovieTopUITests */,
				8C99A16024EBEEFE00F1DE29 /* Products */,
			);
			sourceTree = "<group>";
		};
		8C99A16024EBEEFE00F1DE29 /* Products */ = {
			isa = PBXGroup;
			children = (
				8C99A15F24EBEEFE00F1DE29 /* MovieTop.app */,
				8C99A17824EBEF0300F1DE29 /* MovieTopTests.xctest */,
				8C99A18324EBEF0300F1DE29 /* MovieTopUITests.xctest */,
			);
			name = Products;
			sourceTree = "<group>";
		};
		8C99A16124EBEEFE00F1DE29 /* MovieTop */ = {
			isa = PBXGroup;
			children = (
				8C99A19524EBEF8E00F1DE29 /* Views */,
				8C99A19724EBEFA500F1DE29 /* Models */,
				8C99A16224EBEEFE00F1DE29 /* AppDelegate.swift */,
				8C99A16424EBEEFE00F1DE29 /* SceneDelegate.swift */,
				8C99A16B24EBEF0300F1DE29 /* Assets.xcassets */,
				8C99A17024EBEF0300F1DE29 /* LaunchScreen.storyboard */,
				8C99A17324EBEF0300F1DE29 /* Info.plist */,
				8C99A16624EBEEFE00F1DE29 /* MovieTop.xcdatamodeld */,
				8C99A16D24EBEF0300F1DE29 /* Preview Content */,
			);
			path = MovieTop;
			sourceTree = "<group>";
		};
		8C99A16D24EBEF0300F1DE29 /* Preview Content */ = {
			isa = PBXGroup;
			children = (
				8C99A16E24EBEF0300F1DE29 /* Preview Assets.xcassets */,
			);
			path = "Preview Content";
			sourceTree = "<group>";
		};
		8C99A17B24EBEF0300F1DE29 /* MovieTopTests */ = {
			isa = PBXGroup;
			children = (
				8C99A17C24EBEF0300F1DE29 /* MovieTopTests.swift */,
				8C99A17E24EBEF0300F1DE29 /* Info.plist */,
			);
			path = MovieTopTests;
			sourceTree = "<group>";
		};
		8C99A18624EBEF0300F1DE29 /* MovieTopUITests */ = {
			isa = PBXGroup;
			children = (
				8C99A18724EBEF0300F1DE29 /* MovieTopUITests.swift */,
				8C99A18924EBEF0300F1DE29 /* Info.plist */,
			);
			path = MovieTopUITests;
			sourceTree = "<group>";
		};
		8C99A19524EBEF8E00F1DE29 /* Views */ = {
			isa = PBXGroup;
			children = (
				8C1FA2F224ED5CC200CF56E9 /* MovieDetail.swift */,
				8CF4459624EEDFB700C624F6 /* MovieRow.swift */,
				8CE946CC24EFB498007BDEEE /* Spinner.swift */,
				8C847A0924F2CE5D00B9A0E9 /* MoviesView.swift */,
			);
			path = Views;
			sourceTree = "<group>";
		};
		8C99A19724EBEFA500F1DE29 /* Models */ = {
			isa = PBXGroup;
			children = (
				8C847A0B24F2CEB300B9A0E9 /* MovieTopViewModel.swift */,
				8C65E7D624EC3E140055A759 /* ModelMovie.swift */,
				8C8FA0AE24ED4BE60025582E /* NetworkManager.swift */,
				8C1FA2EE24ED5A1000CF56E9 /* ImageLoader.swift */,
			);
			path = Models;
			sourceTree = "<group>";
		};
/* End PBXGroup section */

/* Begin PBXNativeTarget section */
		8C99A15E24EBEEFE00F1DE29 /* MovieTop */ = {
			isa = PBXNativeTarget;
			buildConfigurationList = 8C99A18C24EBEF0300F1DE29 /* Build configuration list for PBXNativeTarget "MovieTop" */;
			buildPhases = (
				8C99A15B24EBEEFE00F1DE29 /* Sources */,
				8C99A15C24EBEEFE00F1DE29 /* Frameworks */,
				8C99A15D24EBEEFE00F1DE29 /* Resources */,
			);
			buildRules = (
			);
			dependencies = (
			);
			name = MovieTop;
			productName = MovieTop;
			productReference = 8C99A15F24EBEEFE00F1DE29 /* MovieTop.app */;
			productType = "com.apple.product-type.application";
		};
		8C99A17724EBEF0300F1DE29 /* MovieTopTests */ = {
			isa = PBXNativeTarget;
			buildConfigurationList = 8C99A18F24EBEF0300F1DE29 /* Build configuration list for PBXNativeTarget "MovieTopTests" */;
			buildPhases = (
				8C99A17424EBEF0300F1DE29 /* Sources */,
				8C99A17524EBEF0300F1DE29 /* Frameworks */,
				8C99A17624EBEF0300F1DE29 /* Resources */,
			);
			buildRules = (
			);
			dependencies = (
				8C99A17A24EBEF0300F1DE29 /* PBXTargetDependency */,
			);
			name = MovieTopTests;
			productName = MovieTopTests;
			productReference = 8C99A17824EBEF0300F1DE29 /* MovieTopTests.xctest */;
			productType = "com.apple.product-type.bundle.unit-test";
		};
		8C99A18224EBEF0300F1DE29 /* MovieTopUITests */ = {
			isa = PBXNativeTarget;
			buildConfigurationList = 8C99A19224EBEF0300F1DE29 /* Build configuration list for PBXNativeTarget "MovieTopUITests" */;
			buildPhases = (
				8C99A17F24EBEF0300F1DE29 /* Sources */,
				8C99A18024EBEF0300F1DE29 /* Frameworks */,
				8C99A18124EBEF0300F1DE29 /* Resources */,
			);
			buildRules = (
			);
			dependencies = (
				8C99A18524EBEF0300F1DE29 /* PBXTargetDependency */,
			);
			name = MovieTopUITests;
			productName = MovieTopUITests;
			productReference = 8C99A18324EBEF0300F1DE29 /* MovieTopUITests.xctest */;
			productType = "com.apple.product-type.bundle.ui-testing";
		};
/* End PBXNativeTarget section */

/* Begin PBXProject section */
		8C99A15724EBEEFE00F1DE29 /* Project object */ = {
			isa = PBXProject;
			attributes = {
				LastSwiftUpdateCheck = 1150;
				LastUpgradeCheck = 1150;
				ORGANIZATIONNAME = Genuine;
				TargetAttributes = {
					8C99A15E24EBEEFE00F1DE29 = {
						CreatedOnToolsVersion = 11.5;
					};
					8C99A17724EBEF0300F1DE29 = {
						CreatedOnToolsVersion = 11.5;
						TestTargetID = 8C99A15E24EBEEFE00F1DE29;
					};
					8C99A18224EBEF0300F1DE29 = {
						CreatedOnToolsVersion = 11.5;
						TestTargetID = 8C99A15E24EBEEFE00F1DE29;
					};
				};
			};
			buildConfigurationList = 8C99A15A24EBEEFE00F1DE29 /* Build configuration list for PBXProject "MovieTop" */;
			compatibilityVersion = "Xcode 9.3";
			developmentRegion = en;
			hasScannedForEncodings = 0;
			knownRegions = (
				en,
				Base,
			);
			mainGroup = 8C99A15624EBEEFE00F1DE29;
			productRefGroup = 8C99A16024EBEEFE00F1DE29 /* Products */;
			projectDirPath = "";
			projectRoot = "";
			targets = (
				8C99A15E24EBEEFE00F1DE29 /* MovieTop */,
				8C99A17724EBEF0300F1DE29 /* MovieTopTests */,
				8C99A18224EBEF0300F1DE29 /* MovieTopUITests */,
			);
		};
/* End PBXProject section */

/* Begin PBXResourcesBuildPhase section */
		8C99A15D24EBEEFE00F1DE29 /* Resources */ = {
			isa = PBXResourcesBuildPhase;
			buildActionMask = 2147483647;
			files = (
				8C99A17224EBEF0300F1DE29 /* LaunchScreen.storyboard in Resources */,
				8C99A16F24EBEF0300F1DE29 /* Preview Assets.xcassets in Resources */,
				8C99A16C24EBEF0300F1DE29 /* Assets.xcassets in Resources */,
			);
			runOnlyForDeploymentPostprocessing = 0;
		};
		8C99A17624EBEF0300F1DE29 /* Resources */ = {
			isa = PBXResourcesBuildPhase;
			buildActionMask = 2147483647;
			files = (
			);
			runOnlyForDeploymentPostprocessing = 0;
		};
		8C99A18124EBEF0300F1DE29 /* Resources */ = {
			isa = PBXResourcesBuildPhase;
			buildActionMask = 2147483647;
			files = (
			);
			runOnlyForDeploymentPostprocessing = 0;
		};
/* End PBXResourcesBuildPhase section */

/* Begin PBXSourcesBuildPhase section */
		8C99A15B24EBEEFE00F1DE29 /* Sources */ = {
			isa = PBXSourcesBuildPhase;
			buildActionMask = 2147483647;
			files = (
				8C1FA2EF24ED5A1000CF56E9 /* ImageLoader.swift in Sources */,
				8C847A0C24F2CEB300B9A0E9 /* MovieTopViewModel.swift in Sources */,
				8C8FA0AF24ED4BE60025582E /* NetworkManager.swift in Sources */,
				8C847A0A24F2CE5D00B9A0E9 /* MoviesView.swift in Sources */,
				8C1FA2F324ED5CC200CF56E9 /* MovieDetail.swift in Sources */,
				8C99A16324EBEEFE00F1DE29 /* AppDelegate.swift in Sources */,
				8C99A16524EBEEFE00F1DE29 /* SceneDelegate.swift in Sources */,
				8C65E7D724EC3E140055A759 /* ModelMovie.swift in Sources */,
				8CF4459724EEDFB700C624F6 /* MovieRow.swift in Sources */,
				8C99A16824EBEEFE00F1DE29 /* MovieTop.xcdatamodeld in Sources */,
				8CE946CD24EFB498007BDEEE /* Spinner.swift in Sources */,
			);
			runOnlyForDeploymentPostprocessing = 0;
		};
		8C99A17424EBEF0300F1DE29 /* Sources */ = {
			isa = PBXSourcesBuildPhase;
			buildActionMask = 2147483647;
			files = (
				8C99A17D24EBEF0300F1DE29 /* MovieTopTests.swift in Sources */,
			);
			runOnlyForDeploymentPostprocessing = 0;
		};
		8C99A17F24EBEF0300F1DE29 /* Sources */ = {
			isa = PBXSourcesBuildPhase;
			buildActionMask = 2147483647;
			files = (
				8C99A18824EBEF0300F1DE29 /* MovieTopUITests.swift in Sources */,
			);
			runOnlyForDeploymentPostprocessing = 0;
		};
/* End PBXSourcesBuildPhase section */

/* Begin PBXTargetDependency section */
		8C99A17A24EBEF0300F1DE29 /* PBXTargetDependency */ = {
			isa = PBXTargetDependency;
			target = 8C99A15E24EBEEFE00F1DE29 /* MovieTop */;
			targetProxy = 8C99A17924EBEF0300F1DE29 /* PBXContainerItemProxy */;
		};
		8C99A18524EBEF0300F1DE29 /* PBXTargetDependency */ = {
			isa = PBXTargetDependency;
			target = 8C99A15E24EBEEFE00F1DE29 /* MovieTop */;
			targetProxy = 8C99A18424EBEF0300F1DE29 /* PBXContainerItemProxy */;
		};
/* End PBXTargetDependency section */

/* Begin PBXVariantGroup section */
		8C99A17024EBEF0300F1DE29 /* LaunchScreen.storyboard */ = {
			isa = PBXVariantGroup;
			children = (
				8C99A17124EBEF0300F1DE29 /* Base */,
			);
			name = LaunchScreen.storyboard;
			sourceTree = "<group>";
		};
/* End PBXVariantGroup section */

/* Begin XCBuildConfiguration section */
		8C99A18A24EBEF0300F1DE29 /* Debug */ = {
			isa = XCBuildConfiguration;
			buildSettings = {
				ALWAYS_SEARCH_USER_PATHS = NO;
				CLANG_ANALYZER_NONNULL = YES;
				CLANG_ANALYZER_NUMBER_OBJECT_CONVERSION = YES_AGGRESSIVE;
				CLANG_CXX_LANGUAGE_STANDARD = "gnu++14";
				CLANG_CXX_LIBRARY = "libc++";
				CLANG_ENABLE_MODULES = YES;
				CLANG_ENABLE_OBJC_ARC = YES;
				CLANG_ENABLE_OBJC_WEAK = YES;
				CLANG_WARN_BLOCK_CAPTURE_AUTORELEASING = YES;
				CLANG_WARN_BOOL_CONVERSION = YES;
				CLANG_WARN_COMMA = YES;
				CLANG_WARN_CONSTANT_CONVERSION = YES;
				CLANG_WARN_DEPRECATED_OBJC_IMPLEMENTATIONS = YES;
				CLANG_WARN_DIRECT_OBJC_ISA_USAGE = YES_ERROR;
				CLANG_WARN_DOCUMENTATION_COMMENTS = YES;
				CLANG_WARN_EMPTY_BODY = YES;
				CLANG_WARN_ENUM_CONVERSION = YES;
				CLANG_WARN_INFINITE_RECURSION = YES;
				CLANG_WARN_INT_CONVERSION = YES;
				CLANG_WARN_NON_LITERAL_NULL_CONVERSION = YES;
				CLANG_WARN_OBJC_IMPLICIT_RETAIN_SELF = YES;
				CLANG_WARN_OBJC_LITERAL_CONVERSION = YES;
				CLANG_WARN_OBJC_ROOT_CLASS = YES_ERROR;
				CLANG_WARN_RANGE_LOOP_ANALYSIS = YES;
				CLANG_WARN_STRICT_PROTOTYPES = YES;
				CLANG_WARN_SUSPICIOUS_MOVE = YES;
				CLANG_WARN_UNGUARDED_AVAILABILITY = YES_AGGRESSIVE;
				CLANG_WARN_UNREACHABLE_CODE = YES;
				CLANG_WARN__DUPLICATE_METHOD_MATCH = YES;
				COPY_PHASE_STRIP = NO;
				DEBUG_INFORMATION_FORMAT = dwarf;
				ENABLE_STRICT_OBJC_MSGSEND = YES;
				ENABLE_TESTABILITY = YES;
				GCC_C_LANGUAGE_STANDARD = gnu11;
				GCC_DYNAMIC_NO_PIC = NO;
				GCC_NO_COMMON_BLOCKS = YES;
				GCC_OPTIMIZATION_LEVEL = 0;
				GCC_PREPROCESSOR_DEFINITIONS = (
					"DEBUG=1",
					"$(inherited)",
				);
				GCC_WARN_64_TO_32_BIT_CONVERSION = YES;
				GCC_WARN_ABOUT_RETURN_TYPE = YES_ERROR;
				GCC_WARN_UNDECLARED_SELECTOR = YES;
				GCC_WARN_UNINITIALIZED_AUTOS = YES_AGGRESSIVE;
				GCC_WARN_UNUSED_FUNCTION = YES;
				GCC_WARN_UNUSED_VARIABLE = YES;
				IPHONEOS_DEPLOYMENT_TARGET = 13.5;
				MTL_ENABLE_DEBUG_INFO = INCLUDE_SOURCE;
				MTL_FAST_MATH = YES;
				ONLY_ACTIVE_ARCH = YES;
				SDKROOT = iphoneos;
				SWIFT_ACTIVE_COMPILATION_CONDITIONS = DEBUG;
				SWIFT_OPTIMIZATION_LEVEL = "-Onone";
			};
			name = Debug;
		};
		8C99A18B24EBEF0300F1DE29 /* Release */ = {
			isa = XCBuildConfiguration;
			buildSettings = {
				ALWAYS_SEARCH_USER_PATHS = NO;
				CLANG_ANALYZER_NONNULL = YES;
				CLANG_ANALYZER_NUMBER_OBJECT_CONVERSION = YES_AGGRESSIVE;
				CLANG_CXX_LANGUAGE_STANDARD = "gnu++14";
				CLANG_CXX_LIBRARY = "libc++";
				CLANG_ENABLE_MODULES = YES;
				CLANG_ENABLE_OBJC_ARC = YES;
				CLANG_ENABLE_OBJC_WEAK = YES;
				CLANG_WARN_BLOCK_CAPTURE_AUTORELEASING = YES;
				CLANG_WARN_BOOL_CONVERSION = YES;
				CLANG_WARN_COMMA = YES;
				CLANG_WARN_CONSTANT_CONVERSION = YES;
				CLANG_WARN_DEPRECATED_OBJC_IMPLEMENTATIONS = YES;
				CLANG_WARN_DIRECT_OBJC_ISA_USAGE = YES_ERROR;
				CLANG_WARN_DOCUMENTATION_COMMENTS = YES;
				CLANG_WARN_EMPTY_BODY = YES;
				CLANG_WARN_ENUM_CONVERSION = YES;
				CLANG_WARN_INFINITE_RECURSION = YES;
				CLANG_WARN_INT_CONVERSION = YES;
				CLANG_WARN_NON_LITERAL_NULL_CONVERSION = YES;
				CLANG_WARN_OBJC_IMPLICIT_RETAIN_SELF = YES;
				CLANG_WARN_OBJC_LITERAL_CONVERSION = YES;
				CLANG_WARN_OBJC_ROOT_CLASS = YES_ERROR;
				CLANG_WARN_RANGE_LOOP_ANALYSIS = YES;
				CLANG_WARN_STRICT_PROTOTYPES = YES;
				CLANG_WARN_SUSPICIOUS_MOVE = YES;
				CLANG_WARN_UNGUARDED_AVAILABILITY = YES_AGGRESSIVE;
				CLANG_WARN_UNREACHABLE_CODE = YES;
				CLANG_WARN__DUPLICATE_METHOD_MATCH = YES;
				COPY_PHASE_STRIP = NO;
				DEBUG_INFORMATION_FORMAT = "dwarf-with-dsym";
				ENABLE_NS_ASSERTIONS = NO;
				ENABLE_STRICT_OBJC_MSGSEND = YES;
				GCC_C_LANGUAGE_STANDARD = gnu11;
				GCC_NO_COMMON_BLOCKS = YES;
				GCC_WARN_64_TO_32_BIT_CONVERSION = YES;
				GCC_WARN_ABOUT_RETURN_TYPE = YES_ERROR;
				GCC_WARN_UNDECLARED_SELECTOR = YES;
				GCC_WARN_UNINITIALIZED_AUTOS = YES_AGGRESSIVE;
				GCC_WARN_UNUSED_FUNCTION = YES;
				GCC_WARN_UNUSED_VARIABLE = YES;
				IPHONEOS_DEPLOYMENT_TARGET = 13.5;
				MTL_ENABLE_DEBUG_INFO = NO;
				MTL_FAST_MATH = YES;
				SDKROOT = iphoneos;
				SWIFT_COMPILATION_MODE = wholemodule;
				SWIFT_OPTIMIZATION_LEVEL = "-O";
				VALIDATE_PRODUCT = YES;
			};
			name = Release;
		};
		8C99A18D24EBEF0300F1DE29 /* Debug */ = {
			isa = XCBuildConfiguration;
			buildSettings = {
				ASSETCATALOG_COMPILER_APPICON_NAME = AppIcon;
				CODE_SIGN_STYLE = Automatic;
				DEVELOPMENT_ASSET_PATHS = "\"MovieTop/Preview Content\"";
				DEVELOPMENT_TEAM = BP9F2YY4PR;
				ENABLE_PREVIEWS = YES;
				INFOPLIST_FILE = MovieTop/Info.plist;
				LD_RUNPATH_SEARCH_PATHS = (
					"$(inherited)",
					"@executable_path/Frameworks",
				);
				PRODUCT_BUNDLE_IDENTIFIER = com.MassaM.MovieTop;
				PRODUCT_NAME = "$(TARGET_NAME)";
				SWIFT_VERSION = 5.0;
				TARGETED_DEVICE_FAMILY = "1,2";
			};
			name = Debug;
		};
		8C99A18E24EBEF0300F1DE29 /* Release */ = {
			isa = XCBuildConfiguration;
			buildSettings = {
				ASSETCATALOG_COMPILER_APPICON_NAME = AppIcon;
				CODE_SIGN_STYLE = Automatic;
				DEVELOPMENT_ASSET_PATHS = "\"MovieTop/Preview Content\"";
				DEVELOPMENT_TEAM = BP9F2YY4PR;
				ENABLE_PREVIEWS = YES;
				INFOPLIST_FILE = MovieTop/Info.plist;
				LD_RUNPATH_SEARCH_PATHS = (
					"$(inherited)",
					"@executable_path/Frameworks",
				);
				PRODUCT_BUNDLE_IDENTIFIER = com.MassaM.MovieTop;
				PRODUCT_NAME = "$(TARGET_NAME)";
				SWIFT_VERSION = 5.0;
				TARGETED_DEVICE_FAMILY = "1,2";
			};
			name = Release;
		};
		8C99A19024EBEF0300F1DE29 /* Debug */ = {
			isa = XCBuildConfiguration;
			buildSettings = {
				ALWAYS_EMBED_SWIFT_STANDARD_LIBRARIES = YES;
				BUNDLE_LOADER = "$(TEST_HOST)";
				CODE_SIGN_STYLE = Automatic;
				DEVELOPMENT_TEAM = BP9F2YY4PR;
				INFOPLIST_FILE = MovieTopTests/Info.plist;
				IPHONEOS_DEPLOYMENT_TARGET = 13.5;
				LD_RUNPATH_SEARCH_PATHS = (
					"$(inherited)",
					"@executable_path/Frameworks",
					"@loader_path/Frameworks",
				);
				PRODUCT_BUNDLE_IDENTIFIER = com.MassaM..MovieTopTests;
				PRODUCT_NAME = "$(TARGET_NAME)";
				SWIFT_VERSION = 5.0;
				TARGETED_DEVICE_FAMILY = "1,2";
				TEST_HOST = "$(BUILT_PRODUCTS_DIR)/MovieTop.app/MovieTop";
			};
			name = Debug;
		};
		8C99A19124EBEF0300F1DE29 /* Release */ = {
			isa = XCBuildConfiguration;
			buildSettings = {
				ALWAYS_EMBED_SWIFT_STANDARD_LIBRARIES = YES;
				BUNDLE_LOADER = "$(TEST_HOST)";
				CODE_SIGN_STYLE = Automatic;
				DEVELOPMENT_TEAM = BP9F2YY4PR;
				INFOPLIST_FILE = MovieTopTests/Info.plist;
				IPHONEOS_DEPLOYMENT_TARGET = 13.5;
				LD_RUNPATH_SEARCH_PATHS = (
					"$(inherited)",
					"@executable_path/Frameworks",
					"@loader_path/Frameworks",
				);
				PRODUCT_BUNDLE_IDENTIFIER = com.MassaM..MovieTopTests;
				PRODUCT_NAME = "$(TARGET_NAME)";
				SWIFT_VERSION = 5.0;
				TARGETED_DEVICE_FAMILY = "1,2";
				TEST_HOST = "$(BUILT_PRODUCTS_DIR)/MovieTop.app/MovieTop";
			};
			name = Release;
		};
		8C99A19324EBEF0300F1DE29 /* Debug */ = {
			isa = XCBuildConfiguration;
			buildSettings = {
				ALWAYS_EMBED_SWIFT_STANDARD_LIBRARIES = YES;
				CODE_SIGN_STYLE = Automatic;
				DEVELOPMENT_TEAM = BP9F2YY4PR;
				INFOPLIST_FILE = MovieTopUITests/Info.plist;
				LD_RUNPATH_SEARCH_PATHS = (
					"$(inherited)",
					"@executable_path/Frameworks",
					"@loader_path/Frameworks",
				);
				PRODUCT_BUNDLE_IDENTIFIER = com.MassaM..MovieTopUITests;
				PRODUCT_NAME = "$(TARGET_NAME)";
				SWIFT_VERSION = 5.0;
				TARGETED_DEVICE_FAMILY = "1,2";
				TEST_TARGET_NAME = MovieTop;
			};
			name = Debug;
		};
		8C99A19424EBEF0300F1DE29 /* Release */ = {
			isa = XCBuildConfiguration;
			buildSettings = {
				ALWAYS_EMBED_SWIFT_STANDARD_LIBRARIES = YES;
				CODE_SIGN_STYLE = Automatic;
				DEVELOPMENT_TEAM = BP9F2YY4PR;
				INFOPLIST_FILE = MovieTopUITests/Info.plist;
				LD_RUNPATH_SEARCH_PATHS = (
					"$(inherited)",
					"@executable_path/Frameworks",
					"@loader_path/Frameworks",
				);
				PRODUCT_BUNDLE_IDENTIFIER = com.MassaM..MovieTopUITests;
				PRODUCT_NAME = "$(TARGET_NAME)";
				SWIFT_VERSION = 5.0;
				TARGETED_DEVICE_FAMILY = "1,2";
				TEST_TARGET_NAME = MovieTop;
			};
			name = Release;
		};
/* End XCBuildConfiguration section */

/* Begin XCConfigurationList section */
		8C99A15A24EBEEFE00F1DE29 /* Build configuration list for PBXProject "MovieTop" */ = {
			isa = XCConfigurationList;
			buildConfigurations = (
				8C99A18A24EBEF0300F1DE29 /* Debug */,
				8C99A18B24EBEF0300F1DE29 /* Release */,
			);
			defaultConfigurationIsVisible = 0;
			defaultConfigurationName = Release;
		};
		8C99A18C24EBEF0300F1DE29 /* Build configuration list for PBXNativeTarget "MovieTop" */ = {
			isa = XCConfigurationList;
			buildConfigurations = (
				8C99A18D24EBEF0300F1DE29 /* Debug */,
				8C99A18E24EBEF0300F1DE29 /* Release */,
			);
			defaultConfigurationIsVisible = 0;
			defaultConfigurationName = Release;
		};
		8C99A18F24EBEF0300F1DE29 /* Build configuration list for PBXNativeTarget "MovieTopTests" */ = {
			isa = XCConfigurationList;
			buildConfigurations = (
				8C99A19024EBEF0300F1DE29 /* Debug */,
				8C99A19124EBEF0300F1DE29 /* Release */,
			);
			defaultConfigurationIsVisible = 0;
			defaultConfigurationName = Release;
		};
		8C99A19224EBEF0300F1DE29 /* Build configuration list for PBXNativeTarget "MovieTopUITests" */ = {
			isa = XCConfigurationList;
			buildConfigurations = (
				8C99A19324EBEF0300F1DE29 /* Debug */,
				8C99A19424EBEF0300F1DE29 /* Release */,
			);
			defaultConfigurationIsVisible = 0;
			defaultConfigurationName = Release;
		};
/* End XCConfigurationList section */

/* Begin XCVersionGroup section */
		8C99A16624EBEEFE00F1DE29 /* MovieTop.xcdatamodeld */ = {
			isa = XCVersionGroup;
			children = (
				8C99A16724EBEEFE00F1DE29 /* MovieTop.xcdatamodel */,
			);
			currentVersion = 8C99A16724EBEEFE00F1DE29 /* MovieTop.xcdatamodel */;
			path = MovieTop.xcdatamodeld;
			sourceTree = "<group>";
			versionGroupType = wrapper.xcdatamodel;
		};
/* End XCVersionGroup section */
	};
	rootObject = 8C99A15724EBEEFE00F1DE29 /* Project object */;
}
